
Microsoft Visual Studio Solution File, Format Version 12.00
# Visual Studio Version 16
VisualStudioVersion = 16.0.29613.14
MinimumVisualStudioVersion = 10.0.40219.1
Project("{9A19103F-16F7-4668-BE54-9A1E7A4F7556}") = "allmymoney.cashspend", "allmymoney.cashspend\allmymoney.cashspend.csproj", "{AE15897A-DF47-48A6-B07E-674994CA77B9}"
EndProject
Project("{FAE04EC0-301F-11D3-BF4B-00C04F79EFBC}") = "NUnitTestProject1", "NUnitTestProject1\NUnitTestProject1.csproj", "{3BD33C2A-732B-4129-874E-36E127932187}"
EndProject
Global
	GlobalSection(SolutionConfigurationPlatforms) = preSolution
		Debug|Any CPU = Debug|Any CPU
		Release|Any CPU = Release|Any CPU
	EndGlobalSection
	GlobalSection(ProjectConfigurationPlatforms) = postSolution
		{AE15897A-DF47-48A6-B07E-674994CA77B9}.Debug|Any CPU.ActiveCfg = Debug|Any CPU
		{AE15897A-DF47-48A6-B07E-674994CA77B9}.Debug|Any CPU.Build.0 = Debug|Any CPU
		{AE15897A-DF47-48A6-B07E-674994CA77B9}.Release|Any CPU.ActiveCfg = Release|Any CPU
		{AE15897A-DF47-48A6-B07E-674994CA77B9}.Release|Any CPU.Build.0 = Release|Any CPU
		{3BD33C2A-732B-4129-874E-36E127932187}.Debug|Any CPU.ActiveCfg = Debug|Any CPU
		{3BD33C2A-732B-4129-874E-36E127932187}.Debug|Any CPU.Build.0 = Debug|Any CPU
		{3BD33C2A-732B-4129-874E-36E127932187}.Release|Any CPU.ActiveCfg = Release|Any CPU
		{3BD33C2A-732B-4129-874E-36E127932187}.Release|Any CPU.Build.0 = Release|Any CPU
	EndGlobalSection
	GlobalSection(SolutionProperties) = preSolution
		HideSolutionNode = FALSE
	EndGlobalSection
	GlobalSection(ExtensibilityGlobals) = postSolution
		SolutionGuid = {58799B86-FA0D-407A-AA82-EC72AF8A07FB}
	EndGlobalSection
EndGlobal
